
Microsoft Visual Studio Solution File, Format Version 12.00
# Visual Studio Version 17
VisualStudioVersion = 17.14.37012.4
MinimumVisualStudioVersion = 10.0.40219.1
Project("{FAE04EC0-301F-11D3-BF4B-00C04F79EFBC}") = "TVSeriesWebAPIw5Challenge", "TVShowWebAPIw5Challenge\TVSeriesWebAPIw5Challenge.csproj", "{B6BBB021-082F-4F89-9183-7A1B1F341523}"
EndProject
Global
	GlobalSection(SolutionConfigurationPlatforms) = preSolution
		Debug|Any CPU = Debug|Any CPU
		Release|Any CPU = Release|Any CPU
	EndGlobalSection
	GlobalSection(ProjectConfigurationPlatforms) = postSolution
		{B6BBB021-082F-4F89-9183-7A1B1F341523}.Debug|Any CPU.ActiveCfg = Debug|Any CPU
		{B6BBB021-082F-4F89-9183-7A1B1F341523}.Debug|Any CPU.Build.0 = Debug|Any CPU
		{B6BBB021-082F-4F89-9183-7A1B1F341523}.Release|Any CPU.ActiveCfg = Release|Any CPU
		{B6BBB021-082F-4F89-9183-7A1B1F341523}.Release|Any CPU.Build.0 = Release|Any CPU
	EndGlobalSection
	GlobalSection(SolutionProperties) = preSolution
		HideSolutionNode = FALSE
	EndGlobalSection
	GlobalSection(ExtensibilityGlobals) = postSolution
		SolutionGuid = {E9D12D1E-1404-4E59-8A63-75A91568D6AD}
	EndGlobalSection
EndGlobal
