Microsoft Visual Studio Solution File, Format Version 12.00
# Visual Studio Version 17
VisualStudioVersion = 17.5.2.0
MinimumVisualStudioVersion = 10.0.40219.1
Project("{2150E333-8FDC-42A3-9474-1A3956D46DE8}") = "Week 2", "Week 2", "{DF7F1264-95FC-D999-647A-A6643D0A2A03}"
EndProject
Project("{2150E333-8FDC-42A3-9474-1A3956D46DE8}") = "Week 1", "Week 1", "{10A566DF-2C11-8211-AD03-C47967CBE17B}"
EndProject
Project("{FAE04EC0-301F-11D3-BF4B-00C04F79EFBC}") = "LINQLambas", "Week 2\LINQLambas\LINQLambas.csproj", "{47C6C5E8-63AA-1B50-5CE3-69680F832CE2}"
EndProject
Project("{FAE04EC0-301F-11D3-BF4B-00C04F79EFBC}") = "lambda2", "Week 2\lambda2\lambda2.csproj", "{B2DF94A0-9474-FE36-2B27-8E24A3C6BA02}"
EndProject
Project("{FAE04EC0-301F-11D3-BF4B-00C04F79EFBC}") = "ActionFuncPlay", "Week 2\ActionFuncPlay\ActionFuncPlay.csproj", "{C98EFCA1-2638-12F0-D5E4-502EA111FE22}"
EndProject
Project("{FAE04EC0-301F-11D3-BF4B-00C04F79EFBC}") = "MovieNightPlanner", "Week 2\MovieNightPlanner\MovieNightPlanner.csproj", "{89E0002D-1FBB-9930-653B-417C5B816B91}"
EndProject
Project("{FAE04EC0-301F-11D3-BF4B-00C04F79EFBC}") = "Day1", "Week 1\Day1\Day1.csproj", "{6CDB3CAE-75E4-9362-2E9C-1E8110386C23}"
EndProject
Project("{2150E333-8FDC-42A3-9474-1A3956D46DE8}") = "Day4", "Day4", "{EED1325C-A8B3-5F17-96A1-05343620458A}"
EndProject
Project("{FAE04EC0-301F-11D3-BF4B-00C04F79EFBC}") = "LinqPlayground", "Week 1\Day4\LinqPlayground\LinqPlayground.csproj", "{2998792E-9A06-1533-280C-4DF0017F11C0}"
EndProject
Project("{FAE04EC0-301F-11D3-BF4B-00C04F79EFBC}") = "ExpenseTracker", "Week 1\Day4\ExpenseTracker\ExpenseTracker.csproj", "{F4F8F483-DF10-307A-8AF0-DF9EA4326EEE}"
EndProject
Project("{2150E333-8FDC-42A3-9474-1A3956D46DE8}") = "Day3", "Day3", "{F2CE9578-C67C-A94A-CCBB-22CD1E542750}"
EndProject
Project("{FAE04EC0-301F-11D3-BF4B-00C04F79EFBC}") = "StudentGradeManager", "Week 1\Day3\StudentGradeManager\StudentGradeManager.csproj", "{939BEBDE-2DAF-918F-5320-E020B861D4DC}"
EndProject
Project("{2150E333-8FDC-42A3-9474-1A3956D46DE8}") = "Day1 (1)", "Day1 (1)", "{4BADF0EF-DCB8-0167-99C3-B321468FE51B}"
EndProject
Project("{FAE04EC0-301F-11D3-BF4B-00C04F79EFBC}") = "StudentService", "Week 1\Day1\StudentService\StudentService.csproj", "{172DC33D-7ABC-42C5-3353-201C5A0CE7AC}"
EndProject
Project("{FAE04EC0-301F-11D3-BF4B-00C04F79EFBC}") = "figmaFundamentalsCatchup", "Week 1\Day1\figmaFundamentalsCatchup\figmaFundamentalsCatchup.csproj", "{E5385CA8-789B-1FEC-8DB6-DEFDA02DCE6C}"
EndProject
Project("{FAE04EC0-301F-11D3-BF4B-00C04F79EFBC}") = "MultiFile", "Week 1\Day1\MultiFile\MultiFile.csproj", "{CCB412B1-C50F-9984-41A3-AB40E107BE0E}"
EndProject
Project("{FAE04EC0-301F-11D3-BF4B-00C04F79EFBC}") = "CheckHeight", "Week 1\Day1\CheckHeight\CheckHeight.csproj", "{DB1F195F-881B-E858-5F49-BB59C96A6387}"
EndProject
Project("{FAE04EC0-301F-11D3-BF4B-00C04F79EFBC}") = "Postfix Processor", "Week 1\Day1\Postfix Processor\Postfix Processor.csproj", "{13488958-829C-D6EC-56A0-B56B5FF6FD9B}"
EndProject
Project("{FAE04EC0-301F-11D3-BF4B-00C04F79EFBC}") = "LibrarySystem", "Week 1\Day1\LibrarySystem\LibrarySystem.csproj", "{A3D1088B-9E45-BA4C-FDF4-30D80B4DF9F4}"
EndProject
Global
	GlobalSection(SolutionConfigurationPlatforms) = preSolution
		Debug|Any CPU = Debug|Any CPU
		Release|Any CPU = Release|Any CPU
	EndGlobalSection
	GlobalSection(ProjectConfigurationPlatforms) = postSolution
		{47C6C5E8-63AA-1B50-5CE3-69680F832CE2}.Debug|Any CPU.ActiveCfg = Debug|Any CPU
		{47C6C5E8-63AA-1B50-5CE3-69680F832CE2}.Debug|Any CPU.Build.0 = Debug|Any CPU
		{47C6C5E8-63AA-1B50-5CE3-69680F832CE2}.Release|Any CPU.ActiveCfg = Release|Any CPU
		{47C6C5E8-63AA-1B50-5CE3-69680F832CE2}.Release|Any CPU.Build.0 = Release|Any CPU
		{B2DF94A0-9474-FE36-2B27-8E24A3C6BA02}.Debug|Any CPU.ActiveCfg = Debug|Any CPU
		{B2DF94A0-9474-FE36-2B27-8E24A3C6BA02}.Debug|Any CPU.Build.0 = Debug|Any CPU
		{B2DF94A0-9474-FE36-2B27-8E24A3C6BA02}.Release|Any CPU.ActiveCfg = Release|Any CPU
		{B2DF94A0-9474-FE36-2B27-8E24A3C6BA02}.Release|Any CPU.Build.0 = Release|Any CPU
		{C98EFCA1-2638-12F0-D5E4-502EA111FE22}.Debug|Any CPU.ActiveCfg = Debug|Any CPU
		{C98EFCA1-2638-12F0-D5E4-502EA111FE22}.Debug|Any CPU.Build.0 = Debug|Any CPU
		{C98EFCA1-2638-12F0-D5E4-502EA111FE22}.Release|Any CPU.ActiveCfg = Release|Any CPU
		{C98EFCA1-2638-12F0-D5E4-502EA111FE22}.Release|Any CPU.Build.0 = Release|Any CPU
		{89E0002D-1FBB-9930-653B-417C5B816B91}.Debug|Any CPU.ActiveCfg = Debug|Any CPU
		{89E0002D-1FBB-9930-653B-417C5B816B91}.Debug|Any CPU.Build.0 = Debug|Any CPU
		{89E0002D-1FBB-9930-653B-417C5B816B91}.Release|Any CPU.ActiveCfg = Release|Any CPU
		{89E0002D-1FBB-9930-653B-417C5B816B91}.Release|Any CPU.Build.0 = Release|Any CPU
		{6CDB3CAE-75E4-9362-2E9C-1E8110386C23}.Debug|Any CPU.ActiveCfg = Debug|Any CPU
		{6CDB3CAE-75E4-9362-2E9C-1E8110386C23}.Debug|Any CPU.Build.0 = Debug|Any CPU
		{6CDB3CAE-75E4-9362-2E9C-1E8110386C23}.Release|Any CPU.ActiveCfg = Release|Any CPU
		{6CDB3CAE-75E4-9362-2E9C-1E8110386C23}.Release|Any CPU.Build.0 = Release|Any CPU
		{2998792E-9A06-1533-280C-4DF0017F11C0}.Debug|Any CPU.ActiveCfg = Debug|Any CPU
		{2998792E-9A06-1533-280C-4DF0017F11C0}.Debug|Any CPU.Build.0 = Debug|Any CPU
		{2998792E-9A06-1533-280C-4DF0017F11C0}.Release|Any CPU.ActiveCfg = Release|Any CPU
		{2998792E-9A06-1533-280C-4DF0017F11C0}.Release|Any CPU.Build.0 = Release|Any CPU
		{F4F8F483-DF10-307A-8AF0-DF9EA4326EEE}.Debug|Any CPU.ActiveCfg = Debug|Any CPU
		{F4F8F483-DF10-307A-8AF0-DF9EA4326EEE}.Debug|Any CPU.Build.0 = Debug|Any CPU
		{F4F8F483-DF10-307A-8AF0-DF9EA4326EEE}.Release|Any CPU.ActiveCfg = Release|Any CPU
		{F4F8F483-DF10-307A-8AF0-DF9EA4326EEE}.Release|Any CPU.Build.0 = Release|Any CPU
		{939BEBDE-2DAF-918F-5320-E020B861D4DC}.Debug|Any CPU.ActiveCfg = Debug|Any CPU
		{939BEBDE-2DAF-918F-5320-E020B861D4DC}.Debug|Any CPU.Build.0 = Debug|Any CPU
		{939BEBDE-2DAF-918F-5320-E020B861D4DC}.Release|Any CPU.ActiveCfg = Release|Any CPU
		{939BEBDE-2DAF-918F-5320-E020B861D4DC}.Release|Any CPU.Build.0 = Release|Any CPU
		{172DC33D-7ABC-42C5-3353-201C5A0CE7AC}.Debug|Any CPU.ActiveCfg = Debug|Any CPU
		{172DC33D-7ABC-42C5-3353-201C5A0CE7AC}.Debug|Any CPU.Build.0 = Debug|Any CPU
		{172DC33D-7ABC-42C5-3353-201C5A0CE7AC}.Release|Any CPU.ActiveCfg = Release|Any CPU
		{172DC33D-7ABC-42C5-3353-201C5A0CE7AC}.Release|Any CPU.Build.0 = Release|Any CPU
		{E5385CA8-789B-1FEC-8DB6-DEFDA02DCE6C}.Debug|Any CPU.ActiveCfg = Debug|Any CPU
		{E5385CA8-789B-1FEC-8DB6-DEFDA02DCE6C}.Debug|Any CPU.Build.0 = Debug|Any CPU
		{E5385CA8-789B-1FEC-8DB6-DEFDA02DCE6C}.Release|Any CPU.ActiveCfg = Release|Any CPU
		{E5385CA8-789B-1FEC-8DB6-DEFDA02DCE6C}.Release|Any CPU.Build.0 = Release|Any CPU
		{CCB412B1-C50F-9984-41A3-AB40E107BE0E}.Debug|Any CPU.ActiveCfg = Debug|Any CPU
		{CCB412B1-C50F-9984-41A3-AB40E107BE0E}.Debug|Any CPU.Build.0 = Debug|Any CPU
		{CCB412B1-C50F-9984-41A3-AB40E107BE0E}.Release|Any CPU.ActiveCfg = Release|Any CPU
		{CCB412B1-C50F-9984-41A3-AB40E107BE0E}.Release|Any CPU.Build.0 = Release|Any CPU
		{DB1F195F-881B-E858-5F49-BB59C96A6387}.Debug|Any CPU.ActiveCfg = Debug|Any CPU
		{DB1F195F-881B-E858-5F49-BB59C96A6387}.Debug|Any CPU.Build.0 = Debug|Any CPU
		{DB1F195F-881B-E858-5F49-BB59C96A6387}.Release|Any CPU.ActiveCfg = Release|Any CPU
		{DB1F195F-881B-E858-5F49-BB59C96A6387}.Release|Any CPU.Build.0 = Release|Any CPU
		{13488958-829C-D6EC-56A0-B56B5FF6FD9B}.Debug|Any CPU.ActiveCfg = Debug|Any CPU
		{13488958-829C-D6EC-56A0-B56B5FF6FD9B}.Debug|Any CPU.Build.0 = Debug|Any CPU
		{13488958-829C-D6EC-56A0-B56B5FF6FD9B}.Release|Any CPU.ActiveCfg = Release|Any CPU
		{13488958-829C-D6EC-56A0-B56B5FF6FD9B}.Release|Any CPU.Build.0 = Release|Any CPU
		{A3D1088B-9E45-BA4C-FDF4-30D80B4DF9F4}.Debug|Any CPU.ActiveCfg = Debug|Any CPU
		{A3D1088B-9E45-BA4C-FDF4-30D80B4DF9F4}.Debug|Any CPU.Build.0 = Debug|Any CPU
		{A3D1088B-9E45-BA4C-FDF4-30D80B4DF9F4}.Release|Any CPU.ActiveCfg = Release|Any CPU
		{A3D1088B-9E45-BA4C-FDF4-30D80B4DF9F4}.Release|Any CPU.Build.0 = Release|Any CPU
	EndGlobalSection
	GlobalSection(SolutionProperties) = preSolution
		HideSolutionNode = FALSE
	EndGlobalSection
	GlobalSection(NestedProjects) = preSolution
		{47C6C5E8-63AA-1B50-5CE3-69680F832CE2} = {DF7F1264-95FC-D999-647A-A6643D0A2A03}
		{B2DF94A0-9474-FE36-2B27-8E24A3C6BA02} = {DF7F1264-95FC-D999-647A-A6643D0A2A03}
		{C98EFCA1-2638-12F0-D5E4-502EA111FE22} = {DF7F1264-95FC-D999-647A-A6643D0A2A03}
		{89E0002D-1FBB-9930-653B-417C5B816B91} = {DF7F1264-95FC-D999-647A-A6643D0A2A03}
		{6CDB3CAE-75E4-9362-2E9C-1E8110386C23} = {10A566DF-2C11-8211-AD03-C47967CBE17B}
		{EED1325C-A8B3-5F17-96A1-05343620458A} = {10A566DF-2C11-8211-AD03-C47967CBE17B}
		{2998792E-9A06-1533-280C-4DF0017F11C0} = {EED1325C-A8B3-5F17-96A1-05343620458A}
		{F4F8F483-DF10-307A-8AF0-DF9EA4326EEE} = {EED1325C-A8B3-5F17-96A1-05343620458A}
		{F2CE9578-C67C-A94A-CCBB-22CD1E542750} = {10A566DF-2C11-8211-AD03-C47967CBE17B}
		{939BEBDE-2DAF-918F-5320-E020B861D4DC} = {F2CE9578-C67C-A94A-CCBB-22CD1E542750}
		{4BADF0EF-DCB8-0167-99C3-B321468FE51B} = {10A566DF-2C11-8211-AD03-C47967CBE17B}
		{172DC33D-7ABC-42C5-3353-201C5A0CE7AC} = {4BADF0EF-DCB8-0167-99C3-B321468FE51B}
		{E5385CA8-789B-1FEC-8DB6-DEFDA02DCE6C} = {4BADF0EF-DCB8-0167-99C3-B321468FE51B}
		{CCB412B1-C50F-9984-41A3-AB40E107BE0E} = {4BADF0EF-DCB8-0167-99C3-B321468FE51B}
		{DB1F195F-881B-E858-5F49-BB59C96A6387} = {4BADF0EF-DCB8-0167-99C3-B321468FE51B}
		{13488958-829C-D6EC-56A0-B56B5FF6FD9B} = {4BADF0EF-DCB8-0167-99C3-B321468FE51B}
		{A3D1088B-9E45-BA4C-FDF4-30D80B4DF9F4} = {4BADF0EF-DCB8-0167-99C3-B321468FE51B}
	EndGlobalSection
	GlobalSection(ExtensibilityGlobals) = postSolution
		SolutionGuid = {E1F9376C-53D1-442A-BB26-1DE35F3C3CF6}
	EndGlobalSection
EndGlobal
